// !$*UTF8*$!
{
	archiveVersion = 1;
	classes = {
	};
	objectVersion = 46;
	objects = {

/* Begin PBXBuildFile section */
		E19D60411E6992DE00CDBDED /* main.m in Sources */ = {isa = PBXBuildFile; fileRef = E19D60401E6992DE00CDBDED /* main.m */; };
		E19D60441E6992DE00CDBDED /* AppDelegate.m in Sources */ = {isa = PBXBuildFile; fileRef = E19D60431E6992DE00CDBDED /* AppDelegate.m */; };
		E19D60471E6992DE00CDBDED /* ViewController.m in Sources */ = {isa = PBXBuildFile; fileRef = E19D60461E6992DE00CDBDED /* ViewController.m */; };
		E19D604A1E6992DE00CDBDED /* Main.storyboard in Resources */ = {isa = PBXBuildFile; fileRef = E19D60481E6992DE00CDBDED /* Main.storyboard */; };
		E19D604C1E6992DE00CDBDED /* Assets.xcassets in Resources */ = {isa = PBXBuildFile; fileRef = E19D604B1E6992DE00CDBDED /* Assets.xcassets */; };
		E19D604F1E6992DE00CDBDED /* LaunchScreen.storyboard in Resources */ = {isa = PBXBuildFile; fileRef = E19D604D1E6992DE00CDBDED /* LaunchScreen.storyboard */; };
		E19D605D1E6997C000CDBDED /* index.html in Resources */ = {isa = PBXBuildFile; fileRef = E19D605C1E6997C000CDBDED /* index.html */; };
/* End PBXBuildFile section */

/* Begin PBXFileReference section */
		E19D603C1E6992DE00CDBDED /* webViewDemo.app */ = {isa = PBXFileReference; explicitFileType = wrapper.application; includeInIndex = 0; path = webViewDemo.app; sourceTree = BUILT_PRODUCTS_DIR; };
		E19D60401E6992DE00CDBDED /* main.m */ = {isa = PBXFileReference; lastKnownFileType = sourcecode.c.objc; path = main.m; sourceTree = "<group>"; };
		E19D60421E6992DE00CDBDED /* AppDelegate.h */ = {isa = PBXFileReference; lastKnownFileType = sourcecode.c.h; path = AppDelegate.h; sourceTree = "<group>"; };
		E19D60431E6992DE00CDBDED /* AppDelegate.m */ = {isa = PBXFileReference; lastKnownFileType = sourcecode.c.objc; path = AppDelegate.m; sourceTree = "<group>"; };
		E19D60451E6992DE00CDBDED /* ViewController.h */ = {isa = PBXFileReference; lastKnownFileType = sourcecode.c.h; path = ViewController.h; sourceTree = "<group>"; };
		E19D60461E6992DE00CDBDED /* ViewController.m */ = {isa = PBXFileReference; lastKnownFileType = sourcecode.c.objc; path = ViewController.m; sourceTree = "<group>"; };
		E19D60491E6992DE00CDBDED /* Base */ = {isa = PBXFileReference; lastKnownFileType = file.storyboard; name = Base; path = Base.lproj/Main.storyboard; sourceTree = "<group>"; };
		E19D604B1E6992DE00CDBDED /* Assets.xcassets */ = {isa = PBXFileReference; lastKnownFileType = folder.assetcatalog; path = Assets.xcassets; sourceTree = "<group>"; };
		E19D604E1E6992DE00CDBDED /* Base */ = {isa = PBXFileReference; lastKnownFileType = file.storyboard; name = Base; path = Base.lproj/LaunchScreen.storyboard; sourceTree = "<group>"; };
		E19D60501E6992DE00CDBDED /* Info.plist */ = {isa = PBXFileReference; lastKnownFileType = text.plist.xml; path = Info.plist; sourceTree = "<group>"; };
		E19D605C1E6997C000CDBDED /* index.html */ = {isa = PBXFileReference; fileEncoding = 4; lastKnownFileType = text.html; path = index.html; sourceTree = "<group>"; };
/* End PBXFileReference section */

/* Begin PBXFrameworksBuildPhase section */
		E19D60391E6992DE00CDBDED /* Frameworks */ = {
			isa = PBXFrameworksBuildPhase;
			buildActionMask = 2147483647;
			files = (
			);
			runOnlyForDeploymentPostprocessing = 0;
		};
/* End PBXFrameworksBuildPhase section */

/* Begin PBXGroup section */
		E19D60331E6992DE00CDBDED = {
			isa = PBXGroup;
			children = (
				E19D603E1E6992DE00CDBDED /* webViewDemo */,
				E19D603D1E6992DE00CDBDED /* Products */,
			);
			sourceTree = "<group>";
		};
		E19D603D1E6992DE00CDBDED /* Products */ = {
			isa = PBXGroup;
			children = (
				E19D603C1E6992DE00CDBDED /* webViewDemo.app */,
			);
			name = Products;
			sourceTree = "<group>";
		};
		E19D603E1E6992DE00CDBDED /* webViewDemo */ = {
			isa = PBXGroup;
			children = (
				E19D60421E6992DE00CDBDED /* AppDelegate.h */,
				E19D60431E6992DE00CDBDED /* AppDelegate.m */,
				E19D60451E6992DE00CDBDED /* ViewController.h */,
				E19D60461E6992DE00CDBDED /* ViewController.m */,
				E19D60481E6992DE00CDBDED /* Main.storyboard */,
				E19D604B1E6992DE00CDBDED /* Assets.xcassets */,
				E19D604D1E6992DE00CDBDED /* LaunchScreen.storyboard */,
				E19D60501E6992DE00CDBDED /* Info.plist */,
				E19D603F1E6992DE00CDBDED /* Supporting Files */,
				E19D605C1E6997C000CDBDED /* index.html */,
			);
			path = webViewDemo;
			sourceTree = "<group>";
		};
		E19D603F1E6992DE00CDBDED /* Supporting Files */ = {
			isa = PBXGroup;
			children = (
				E19D60401E6992DE00CDBDED /* main.m */,
			);
			name = "Supporting Files";
			sourceTree = "<group>";
		};
/* End PBXGroup section */

/* Begin PBXNativeTarget section */
		E19D603B1E6992DE00CDBDED /* webViewDemo */ = {
			isa = PBXNativeTarget;
			buildConfigurationList = E19D60531E6992DE00CDBDED /* Build configuration list for PBXNativeTarget "webViewDemo" */;
			buildPhases = (
				E19D60381E6992DE00CDBDED /* Sources */,
				E19D60391E6992DE00CDBDED /* Frameworks */,
				E19D603A1E6992DE00CDBDED /* Resources */,
			);
			buildRules = (
			);
			dependencies = (
			);
			name = webViewDemo;
			productName = webViewDemo;
			productReference = E19D603C1E6992DE00CDBDED /* webViewDemo.app */;
			productType = "com.apple.product-type.application";
		};
/* End PBXNativeTarget section */

/* Begin PBXProject section */
		E19D60341E6992DE00CDBDED /* Project object */ = {
			isa = PBXProject;
			attributes = {
				LastUpgradeCheck = 0820;
				ORGANIZATIONNAME = Sovelluskontti;
				TargetAttributes = {
					E19D603B1E6992DE00CDBDED = {
						CreatedOnToolsVersion = 8.2.1;
						ProvisioningStyle = Automatic;
					};
				};
			};
			buildConfigurationList = E19D60371E6992DE00CDBDED /* Build configuration list for PBXProject "webViewDemo" */;
			compatibilityVersion = "Xcode 3.2";
			developmentRegion = English;
			hasScannedForEncodings = 0;
			knownRegions = (
				en,
				Base,
			);
			mainGroup = E19D60331E6992DE00CDBDED;
			productRefGroup = E19D603D1E6992DE00CDBDED /* Products */;
			projectDirPath = "";
			projectRoot = "";
			targets = (
				E19D603B1E6992DE00CDBDED /* webViewDemo */,
			);
		};
/* End PBXProject section */

/* Begin PBXResourcesBuildPhase section */
		E19D603A1E6992DE00CDBDED /* Resources */ = {
			isa = PBXResourcesBuildPhase;
			buildActionMask = 2147483647;
			files = (
				E19D604F1E6992DE00CDBDED /* LaunchScreen.storyboard in Resources */,
				E19D605D1E6997C000CDBDED /* index.html in Resources */,
				E19D604C1E6992DE00CDBDED /* Assets.xcassets in Resources */,
				E19D604A1E6992DE00CDBDED /* Main.storyboard in Resources */,
			);
			runOnlyForDeploymentPostprocessing = 0;
		};
/* End PBXResourcesBuildPhase section */

/* Begin PBXSourcesBuildPhase section */
		E19D60381E6992DE00CDBDED /* Sources */ = {
			isa = PBXSourcesBuildPhase;
			buildActionMask = 2147483647;
			files = (
				E19D60471E6992DE00CDBDED /* ViewController.m in Sources */,
				E19D60441E6992DE00CDBDED /* AppDelegate.m in Sources */,
				E19D60411E6992DE00CDBDED /* main.m in Sources */,
			);
			runOnlyForDeploymentPostprocessing = 0;
		};
/* End PBXSourcesBuildPhase section */

/* Begin PBXVariantGroup section */
		E19D60481E6992DE00CDBDED /* Main.storyboard */ = {
			isa = PBXVariantGroup;
			children = (
				E19D60491E6992DE00CDBDED /* Base */,
			);
			name = Main.storyboard;
			sourceTree = "<group>";
		};
		E19D604D1E6992DE00CDBDED /* LaunchScreen.storyboard */ = {
			isa = PBXVariantGroup;
			children = (
				E19D604E1E6992DE00CDBDED /* Base */,
			);
			name = LaunchScreen.storyboard;
			sourceTree = "<group>";
		};
/* End PBXVariantGroup section */

/* Begin XCBuildConfiguration section */
		E19D60511E6992DE00CDBDED /* Debug */ = {
			isa = XCBuildConfiguration;
			buildSettings = {
				ALWAYS_SEARCH_USER_PATHS = NO;
				CLANG_ANALYZER_NONNULL = YES;
				CLANG_CXX_LANGUAGE_STANDARD = "gnu++0x";
				CLANG_CXX_LIBRARY = "libc++";
				CLANG_ENABLE_MODULES = YES;
				CLANG_ENABLE_OBJC_ARC = YES;
				CLANG_WARN_BOOL_CONVERSION = YES;
				CLANG_WARN_CONSTANT_CONVERSION = YES;
				CLANG_WARN_DIRECT_OBJC_ISA_USAGE = YES_ERROR;
				CLANG_WARN_DOCUMENTATION_COMMENTS = YES;
				CLANG_WARN_EMPTY_BODY = YES;
				CLANG_WARN_ENUM_CONVERSION = YES;
				CLANG_WARN_INFINITE_RECURSION = YES;
				CLANG_WARN_INT_CONVERSION = YES;
				CLANG_WARN_OBJC_ROOT_CLASS = YES_ERROR;
				CLANG_WARN_SUSPICIOUS_MOVE = YES;
				CLANG_WARN_UNREACHABLE_CODE = YES;
				CLANG_WARN__DUPLICATE_METHOD_MATCH = YES;
				"CODE_SIGN_IDENTITY[sdk=iphoneos*]" = "iPhone Developer";
				COPY_PHASE_STRIP = NO;
				DEBUG_INFORMATION_FORMAT = dwarf;
				ENABLE_STRICT_OBJC_MSGSEND = YES;
				ENABLE_TESTABILITY = YES;
				GCC_C_LANGUAGE_STANDARD = gnu99;
				GCC_DYNAMIC_NO_PIC = NO;
				GCC_NO_COMMON_BLOCKS = YES;
				GCC_OPTIMIZATION_LEVEL = 0;
				GCC_PREPROCESSOR_DEFINITIONS = (
					"DEBUG=1",
					"$(inherited)",
				);
				GCC_WARN_64_TO_32_BIT_CONVERSION = YES;
				GCC_WARN_ABOUT_RETURN_TYPE = YES_ERROR;
				GCC_WARN_UNDECLARED_SELECTOR = YES;
				GCC_WARN_UNINITIALIZED_AUTOS = YES_AGGRESSIVE;
				GCC_WARN_UNUSED_FUNCTION = YES;
				GCC_WARN_UNUSED_VARIABLE = YES;
				IPHONEOS_DEPLOYMENT_TARGET = 10.2;
				MTL_ENABLE_DEBUG_INFO = YES;
				ONLY_ACTIVE_ARCH = YES;
				SDKROOT = iphoneos;
			};
			name = Debug;
		};
		E19D60521E6992DE00CDBDED /* Release */ = {
			isa = XCBuildConfiguration;
			buildSettings = {
				ALWAYS_SEARCH_USER_PATHS = NO;
				CLANG_ANALYZER_NONNULL = YES;
				CLANG_CXX_LANGUAGE_STANDARD = "gnu++0x";
				CLANG_CXX_LIBRARY = "libc++";
				CLANG_ENABLE_MODULES = YES;
				CLANG_ENABLE_OBJC_ARC = YES;
				CLANG_WARN_BOOL_CONVERSION = YES;
				CLANG_WARN_CONSTANT_CONVERSION = YES;
				CLANG_WARN_DIRECT_OBJC_ISA_USAGE = YES_ERROR;
				CLANG_WARN_DOCUMENTATION_COMMENTS = YES;
				CLANG_WARN_EMPTY_BODY = YES;
				CLANG_WARN_ENUM_CONVERSION = YES;
				CLANG_WARN_INFINITE_RECURSION = YES;
				CLANG_WARN_INT_CONVERSION = YES;
				CLANG_WARN_OBJC_ROOT_CLASS = YES_ERROR;
				CLANG_WARN_SUSPICIOUS_MOVE = YES;
				CLANG_WARN_UNREACHABLE_CODE = YES;
				CLANG_WARN__DUPLICATE_METHOD_MATCH = YES;
				"CODE_SIGN_IDENTITY[sdk=iphoneos*]" = "iPhone Developer";
				COPY_PHASE_STRIP = NO;
				DEBUG_INFORMATION_FORMAT = "dwarf-with-dsym";
				ENABLE_NS_ASSERTIONS = NO;
				ENABLE_STRICT_OBJC_MSGSEND = YES;
				GCC_C_LANGUAGE_STANDARD = gnu99;
				GCC_NO_COMMON_BLOCKS = YES;
				GCC_WARN_64_TO_32_BIT_CONVERSION = YES;
				GCC_WARN_ABOUT_RETURN_TYPE = YES_ERROR;
				GCC_WARN_UNDECLARED_SELECTOR = YES;
				GCC_WARN_UNINITIALIZED_AUTOS = YES_AGGRESSIVE;
				GCC_WARN_UNUSED_FUNCTION = YES;
				GCC_WARN_UNUSED_VARIABLE = YES;
				IPHONEOS_DEPLOYMENT_TARGET = 10.2;
				MTL_ENABLE_DEBUG_INFO = NO;
				SDKROOT = iphoneos;
				VALIDATE_PRODUCT = YES;
			};
			name = Release;
		};
		E19D60541E6992DE00CDBDED /* Debug */ = {
			isa = XCBuildConfiguration;
			buildSettings = {
				ASSETCATALOG_COMPILER_APPICON_NAME = AppIcon;
				INFOPLIST_FILE = webViewDemo/Info.plist;
				LD_RUNPATH_SEARCH_PATHS = "$(inherited) @executable_path/Frameworks";
				PRODUCT_BUNDLE_IDENTIFIER = com.sovelluskontti.webViewDemo;
				PRODUCT_NAME = "$(TARGET_NAME)";
			};
			name = Debug;
		};
		E19D60551E6992DE00CDBDED /* Release */ = {
			isa = XCBuildConfiguration;
			buildSettings = {
				ASSETCATALOG_COMPILER_APPICON_NAME = AppIcon;
				INFOPLIST_FILE = webViewDemo/Info.plist;
				LD_RUNPATH_SEARCH_PATHS = "$(inherited) @executable_path/Frameworks";
				PRODUCT_BUNDLE_IDENTIFIER = com.sovelluskontti.webViewDemo;
				PRODUCT_NAME = "$(TARGET_NAME)";
			};
			name = Release;
		};
/* End XCBuildConfiguration section */

/* Begin XCConfigurationList section */
		E19D60371E6992DE00CDBDED /* Build configuration list for PBXProject "webViewDemo" */ = {
			isa = XCConfigurationList;
			buildConfigurations = (
				E19D60511E6992DE00CDBDED /* Debug */,
				E19D60521E6992DE00CDBDED /* Release */,
			);
			defaultConfigurationIsVisible = 0;
			defaultConfigurationName = Release;
		};
		E19D60531E6992DE00CDBDED /* Build configuration list for PBXNativeTarget "webViewDemo" */ = {
			isa = XCConfigurationList;
			buildConfigurations = (
				E19D60541E6992DE00CDBDED /* Debug */,
				E19D60551E6992DE00CDBDED /* Release */,
			);
			defaultConfigurationIsVisible = 0;
		};
/* End XCConfigurationList section */
	};
	rootObject = E19D60341E6992DE00CDBDED /* Project object */;
}
