// !$*UTF8*$!
{
	archiveVersion = 1;
	classes = {
	};
	objectVersion = 46;
	objects = {

/* Begin PBXBuildFile section */
		E142E3F01E64187D00124568 /* main.m in Sources */ = {isa = PBXBuildFile; fileRef = E142E3E11E64126900124568 /* main.m */; };
/* End PBXBuildFile section */

/* Begin PBXContainerItemProxy section */
		E142E3FC1E6419DF00124568 /* PBXContainerItemProxy */ = {
			isa = PBXContainerItemProxy;
			containerPortal = E142E3D61E64126900124568 /* Project object */;
			proxyType = 1;
			remoteGlobalIDString = E142E3F41E6418C900124568;
			remoteInfo = 01_program_structure;
		};
		E142E4151E641A6B00124568 /* PBXContainerItemProxy */ = {
			isa = PBXContainerItemProxy;
			containerPortal = E142E4111E641A6A00124568 /* 01_program_structure.xcodeproj */;
			proxyType = 2;
			remoteGlobalIDString = E142E4071E641A6A00124568;
			remoteInfo = 01_program_structure;
		};
		E142E42E1E641D7C00124568 /* PBXContainerItemProxy */ = {
			isa = PBXContainerItemProxy;
			containerPortal = E142E42A1E641D7B00124568 /* 02_tokens_in_objective_c.xcodeproj */;
			proxyType = 2;
			remoteGlobalIDString = E142E4201E641D7B00124568;
			remoteInfo = 02_tokens_in_objective_c;
		};
		E142E4471E64226C00124568 /* PBXContainerItemProxy */ = {
			isa = PBXContainerItemProxy;
			containerPortal = E142E4431E64226B00124568 /* 03_variables.xcodeproj */;
			proxyType = 2;
			remoteGlobalIDString = E142E4391E64226B00124568;
			remoteInfo = 03_variables;
		};
		E142E4601E64256E00124568 /* PBXContainerItemProxy */ = {
			isa = PBXContainerItemProxy;
			containerPortal = E142E45C1E64256D00124568 /* 04_constants.xcodeproj */;
			proxyType = 2;
			remoteGlobalIDString = E142E4521E64256D00124568;
			remoteInfo = 04_constants;
		};
		E142E4791E64290E00124568 /* PBXContainerItemProxy */ = {
			isa = PBXContainerItemProxy;
			containerPortal = E142E4751E64290D00124568 /* 05_functions.xcodeproj */;
			proxyType = 2;
			remoteGlobalIDString = E142E46B1E64290D00124568;
			remoteInfo = 05_functions;
		};
		E142E4AB1E64308A00124568 /* PBXContainerItemProxy */ = {
			isa = PBXContainerItemProxy;
			containerPortal = E142E4A71E64308900124568 /* 06_blocks.xcodeproj */;
			proxyType = 2;
			remoteGlobalIDString = E142E49D1E64308900124568;
			remoteInfo = 06_blocks;
		};
		E142E4C41E64348A00124568 /* PBXContainerItemProxy */ = {
			isa = PBXContainerItemProxy;
			containerPortal = E142E4C01E64348900124568 /* 07_numbers.xcodeproj */;
			proxyType = 2;
			remoteGlobalIDString = E142E4B61E64348900124568;
			remoteInfo = 07_numbers;
		};
		E142E4DD1E643D2E00124568 /* PBXContainerItemProxy */ = {
			isa = PBXContainerItemProxy;
			containerPortal = E142E4D91E643D2D00124568 /* 08_pointers.xcodeproj */;
			proxyType = 2;
			remoteGlobalIDString = E142E4CF1E643D2D00124568;
			remoteInfo = 08_pointers;
		};
		E142E50F1E64400B00124568 /* PBXContainerItemProxy */ = {
			isa = PBXContainerItemProxy;
			containerPortal = E142E50B1E64400B00124568 /* 09_structures.xcodeproj */;
			proxyType = 2;
			remoteGlobalIDString = E142E5011E64400A00124568;
			remoteInfo = 09_structures;
		};
		E142E5281E644D0700124568 /* PBXContainerItemProxy */ = {
			isa = PBXContainerItemProxy;
			containerPortal = E142E5241E644D0600124568 /* 10_error_handling.xcodeproj */;
			proxyType = 2;
			remoteGlobalIDString = E142E51A1E644D0600124568;
			remoteInfo = 10_error_handling;
		};
/* End PBXContainerItemProxy section */

/* Begin PBXCopyFilesBuildPhase section */
		E142E3DC1E64126900124568 /* CopyFiles */ = {
			isa = PBXCopyFilesBuildPhase;
			buildActionMask = 2147483647;
			dstPath = /usr/share/man/man1/;
			dstSubfolderSpec = 0;
			files = (
			);
			runOnlyForDeploymentPostprocessing = 1;
		};
		E142E3F31E6418C900124568 /* CopyFiles */ = {
			isa = PBXCopyFilesBuildPhase;
			buildActionMask = 2147483647;
			dstPath = /usr/share/man/man1/;
			dstSubfolderSpec = 0;
			files = (
			);
			runOnlyForDeploymentPostprocessing = 1;
		};
/* End PBXCopyFilesBuildPhase section */

/* Begin PBXFileReference section */
		E142E3DE1E64126900124568 /* objective-c-training */ = {isa = PBXFileReference; explicitFileType = "compiled.mach-o.executable"; includeInIndex = 0; path = "objective-c-training"; sourceTree = BUILT_PRODUCTS_DIR; };
		E142E3E11E64126900124568 /* main.m */ = {isa = PBXFileReference; lastKnownFileType = sourcecode.c.objc; path = main.m; sourceTree = "<group>"; };
		E142E3F51E6418C900124568 /* 01_program_structure */ = {isa = PBXFileReference; explicitFileType = "compiled.mach-o.executable"; includeInIndex = 0; path = 01_program_structure; sourceTree = BUILT_PRODUCTS_DIR; };
		E142E4111E641A6A00124568 /* 01_program_structure.xcodeproj */ = {isa = PBXFileReference; lastKnownFileType = "wrapper.pb-project"; name = 01_program_structure.xcodeproj; path = 01_program_structure/01_program_structure.xcodeproj; sourceTree = "<group>"; };
		E142E42A1E641D7B00124568 /* 02_tokens_in_objective_c.xcodeproj */ = {isa = PBXFileReference; lastKnownFileType = "wrapper.pb-project"; name = 02_tokens_in_objective_c.xcodeproj; path = 02_tokens_in_objective_c/02_tokens_in_objective_c.xcodeproj; sourceTree = "<group>"; };
		E142E4431E64226B00124568 /* 03_variables.xcodeproj */ = {isa = PBXFileReference; lastKnownFileType = "wrapper.pb-project"; name = 03_variables.xcodeproj; path = 03_variables/03_variables.xcodeproj; sourceTree = "<group>"; };
		E142E45C1E64256D00124568 /* 04_constants.xcodeproj */ = {isa = PBXFileReference; lastKnownFileType = "wrapper.pb-project"; name = 04_constants.xcodeproj; path = 04_constants/04_constants.xcodeproj; sourceTree = "<group>"; };
		E142E4751E64290D00124568 /* 05_functions.xcodeproj */ = {isa = PBXFileReference; lastKnownFileType = "wrapper.pb-project"; name = 05_functions.xcodeproj; path = 05_functions/05_functions.xcodeproj; sourceTree = "<group>"; };
		E142E4A71E64308900124568 /* 06_blocks.xcodeproj */ = {isa = PBXFileReference; lastKnownFileType = "wrapper.pb-project"; name = 06_blocks.xcodeproj; path = 06_blocks/06_blocks.xcodeproj; sourceTree = "<group>"; };
		E142E4C01E64348900124568 /* 07_numbers.xcodeproj */ = {isa = PBXFileReference; lastKnownFileType = "wrapper.pb-project"; name = 07_numbers.xcodeproj; path = 07_numbers/07_numbers.xcodeproj; sourceTree = "<group>"; };
		E142E4D91E643D2D00124568 /* 08_pointers.xcodeproj */ = {isa = PBXFileReference; lastKnownFileType = "wrapper.pb-project"; name = 08_pointers.xcodeproj; path = 08_pointers/08_pointers.xcodeproj; sourceTree = "<group>"; };
		E142E50B1E64400B00124568 /* 09_structures.xcodeproj */ = {isa = PBXFileReference; lastKnownFileType = "wrapper.pb-project"; name = 09_structures.xcodeproj; path = 09_structures/09_structures.xcodeproj; sourceTree = "<group>"; };
		E142E5241E644D0600124568 /* 10_error_handling.xcodeproj */ = {isa = PBXFileReference; lastKnownFileType = "wrapper.pb-project"; name = 10_error_handling.xcodeproj; path = 10_error_handling/10_error_handling.xcodeproj; sourceTree = "<group>"; };
/* End PBXFileReference section */

/* Begin PBXFrameworksBuildPhase section */
		E142E3DB1E64126900124568 /* Frameworks */ = {
			isa = PBXFrameworksBuildPhase;
			buildActionMask = 2147483647;
			files = (
			);
			runOnlyForDeploymentPostprocessing = 0;
		};
		E142E3F21E6418C900124568 /* Frameworks */ = {
			isa = PBXFrameworksBuildPhase;
			buildActionMask = 2147483647;
			files = (
			);
			runOnlyForDeploymentPostprocessing = 0;
		};
/* End PBXFrameworksBuildPhase section */

/* Begin PBXGroup section */
		E142E3D51E64126900124568 = {
			isa = PBXGroup;
			children = (
				E142E5241E644D0600124568 /* 10_error_handling.xcodeproj */,
				E142E50B1E64400B00124568 /* 09_structures.xcodeproj */,
				E142E4D91E643D2D00124568 /* 08_pointers.xcodeproj */,
				E142E4C01E64348900124568 /* 07_numbers.xcodeproj */,
				E142E4A71E64308900124568 /* 06_blocks.xcodeproj */,
				E142E4751E64290D00124568 /* 05_functions.xcodeproj */,
				E142E45C1E64256D00124568 /* 04_constants.xcodeproj */,
				E142E4431E64226B00124568 /* 03_variables.xcodeproj */,
				E142E42A1E641D7B00124568 /* 02_tokens_in_objective_c.xcodeproj */,
				E142E4111E641A6A00124568 /* 01_program_structure.xcodeproj */,
				E142E3E01E64126900124568 /* objective-c-training */,
				E142E3DF1E64126900124568 /* Products */,
			);
			sourceTree = "<group>";
		};
		E142E3DF1E64126900124568 /* Products */ = {
			isa = PBXGroup;
			children = (
				E142E3DE1E64126900124568 /* objective-c-training */,
				E142E3F51E6418C900124568 /* 01_program_structure */,
			);
			name = Products;
			sourceTree = "<group>";
		};
		E142E3E01E64126900124568 /* objective-c-training */ = {
			isa = PBXGroup;
			children = (
				E142E3E11E64126900124568 /* main.m */,
			);
			path = "objective-c-training";
			sourceTree = "<group>";
		};
		E142E4121E641A6A00124568 /* Products */ = {
			isa = PBXGroup;
			children = (
				E142E4161E641A6B00124568 /* 01_program_structure */,
			);
			name = Products;
			sourceTree = "<group>";
		};
		E142E42B1E641D7B00124568 /* Products */ = {
			isa = PBXGroup;
			children = (
				E142E42F1E641D7C00124568 /* 02_tokens_in_objective_c */,
			);
			name = Products;
			sourceTree = "<group>";
		};
		E142E4441E64226B00124568 /* Products */ = {
			isa = PBXGroup;
			children = (
				E142E4481E64226C00124568 /* 03_variables */,
			);
			name = Products;
			sourceTree = "<group>";
		};
		E142E45D1E64256D00124568 /* Products */ = {
			isa = PBXGroup;
			children = (
				E142E4611E64256E00124568 /* 04_constants */,
			);
			name = Products;
			sourceTree = "<group>";
		};
		E142E4761E64290D00124568 /* Products */ = {
			isa = PBXGroup;
			children = (
				E142E47A1E64290E00124568 /* 05_functions */,
			);
			name = Products;
			sourceTree = "<group>";
		};
		E142E4A81E64308900124568 /* Products */ = {
			isa = PBXGroup;
			children = (
				E142E4AC1E64308A00124568 /* 06_blocks */,
			);
			name = Products;
			sourceTree = "<group>";
		};
		E142E4C11E64348900124568 /* Products */ = {
			isa = PBXGroup;
			children = (
				E142E4C51E64348A00124568 /* 07_numbers */,
			);
			name = Products;
			sourceTree = "<group>";
		};
		E142E4DA1E643D2D00124568 /* Products */ = {
			isa = PBXGroup;
			children = (
				E142E4DE1E643D2E00124568 /* 08_pointers */,
			);
			name = Products;
			sourceTree = "<group>";
		};
		E142E50C1E64400B00124568 /* Products */ = {
			isa = PBXGroup;
			children = (
				E142E5101E64400B00124568 /* 09_structures */,
			);
			name = Products;
			sourceTree = "<group>";
		};
		E142E5251E644D0600124568 /* Products */ = {
			isa = PBXGroup;
			children = (
				E142E5291E644D0700124568 /* 10_error_handling */,
			);
			name = Products;
			sourceTree = "<group>";
		};
/* End PBXGroup section */

/* Begin PBXNativeTarget section */
		E142E3DD1E64126900124568 /* objective-c-training */ = {
			isa = PBXNativeTarget;
			buildConfigurationList = E142E3E51E64126900124568 /* Build configuration list for PBXNativeTarget "objective-c-training" */;
			buildPhases = (
				E142E3DA1E64126900124568 /* Sources */,
				E142E3DB1E64126900124568 /* Frameworks */,
				E142E3DC1E64126900124568 /* CopyFiles */,
			);
			buildRules = (
			);
			dependencies = (
				E142E3FD1E6419DF00124568 /* PBXTargetDependency */,
			);
			name = "objective-c-training";
			productName = "objective-c-training";
			productReference = E142E3DE1E64126900124568 /* objective-c-training */;
			productType = "com.apple.product-type.tool";
		};
		E142E3F41E6418C900124568 /* 01_program_structure */ = {
			isa = PBXNativeTarget;
			buildConfigurationList = E142E3F91E6418C900124568 /* Build configuration list for PBXNativeTarget "01_program_structure" */;
			buildPhases = (
				E142E3F11E6418C900124568 /* Sources */,
				E142E3F21E6418C900124568 /* Frameworks */,
				E142E3F31E6418C900124568 /* CopyFiles */,
			);
			buildRules = (
			);
			dependencies = (
			);
			name = 01_program_structure;
			productName = 01_program_structure;
			productReference = E142E3F51E6418C900124568 /* 01_program_structure */;
			productType = "com.apple.product-type.tool";
		};
/* End PBXNativeTarget section */

/* Begin PBXProject section */
		E142E3D61E64126900124568 /* Project object */ = {
			isa = PBXProject;
			attributes = {
				LastUpgradeCheck = 0820;
				ORGANIZATIONNAME = Sovelluskontti;
				TargetAttributes = {
					E142E3DD1E64126900124568 = {
						CreatedOnToolsVersion = 8.2.1;
						DevelopmentTeam = MKUZVWUR88;
						ProvisioningStyle = Automatic;
					};
					E142E3F41E6418C900124568 = {
						CreatedOnToolsVersion = 8.2.1;
						DevelopmentTeam = MKUZVWUR88;
						ProvisioningStyle = Automatic;
					};
				};
			};
			buildConfigurationList = E142E3D91E64126900124568 /* Build configuration list for PBXProject "objective-c-training" */;
			compatibilityVersion = "Xcode 3.2";
			developmentRegion = English;
			hasScannedForEncodings = 0;
			knownRegions = (
				en,
			);
			mainGroup = E142E3D51E64126900124568;
			productRefGroup = E142E3DF1E64126900124568 /* Products */;
			projectDirPath = "";
			projectReferences = (
				{
					ProductGroup = E142E4121E641A6A00124568 /* Products */;
					ProjectRef = E142E4111E641A6A00124568 /* 01_program_structure.xcodeproj */;
				},
				{
					ProductGroup = E142E42B1E641D7B00124568 /* Products */;
					ProjectRef = E142E42A1E641D7B00124568 /* 02_tokens_in_objective_c.xcodeproj */;
				},
				{
					ProductGroup = E142E4441E64226B00124568 /* Products */;
					ProjectRef = E142E4431E64226B00124568 /* 03_variables.xcodeproj */;
				},
				{
					ProductGroup = E142E45D1E64256D00124568 /* Products */;
					ProjectRef = E142E45C1E64256D00124568 /* 04_constants.xcodeproj */;
				},
				{
					ProductGroup = E142E4761E64290D00124568 /* Products */;
					ProjectRef = E142E4751E64290D00124568 /* 05_functions.xcodeproj */;
				},
				{
					ProductGroup = E142E4A81E64308900124568 /* Products */;
					ProjectRef = E142E4A71E64308900124568 /* 06_blocks.xcodeproj */;
				},
				{
					ProductGroup = E142E4C11E64348900124568 /* Products */;
					ProjectRef = E142E4C01E64348900124568 /* 07_numbers.xcodeproj */;
				},
				{
					ProductGroup = E142E4DA1E643D2D00124568 /* Products */;
					ProjectRef = E142E4D91E643D2D00124568 /* 08_pointers.xcodeproj */;
				},
				{
					ProductGroup = E142E50C1E64400B00124568 /* Products */;
					ProjectRef = E142E50B1E64400B00124568 /* 09_structures.xcodeproj */;
				},
				{
					ProductGroup = E142E5251E644D0600124568 /* Products */;
					ProjectRef = E142E5241E644D0600124568 /* 10_error_handling.xcodeproj */;
				},
			);
			projectRoot = "";
			targets = (
				E142E3DD1E64126900124568 /* objective-c-training */,
				E142E3F41E6418C900124568 /* 01_program_structure */,
			);
		};
/* End PBXProject section */

/* Begin PBXReferenceProxy section */
		E142E4161E641A6B00124568 /* 01_program_structure */ = {
			isa = PBXReferenceProxy;
			fileType = "compiled.mach-o.executable";
			path = 01_program_structure;
			remoteRef = E142E4151E641A6B00124568 /* PBXContainerItemProxy */;
			sourceTree = BUILT_PRODUCTS_DIR;
		};
		E142E42F1E641D7C00124568 /* 02_tokens_in_objective_c */ = {
			isa = PBXReferenceProxy;
			fileType = "compiled.mach-o.executable";
			path = 02_tokens_in_objective_c;
			remoteRef = E142E42E1E641D7C00124568 /* PBXContainerItemProxy */;
			sourceTree = BUILT_PRODUCTS_DIR;
		};
		E142E4481E64226C00124568 /* 03_variables */ = {
			isa = PBXReferenceProxy;
			fileType = "compiled.mach-o.executable";
			path = 03_variables;
			remoteRef = E142E4471E64226C00124568 /* PBXContainerItemProxy */;
			sourceTree = BUILT_PRODUCTS_DIR;
		};
		E142E4611E64256E00124568 /* 04_constants */ = {
			isa = PBXReferenceProxy;
			fileType = "compiled.mach-o.executable";
			path = 04_constants;
			remoteRef = E142E4601E64256E00124568 /* PBXContainerItemProxy */;
			sourceTree = BUILT_PRODUCTS_DIR;
		};
		E142E47A1E64290E00124568 /* 05_functions */ = {
			isa = PBXReferenceProxy;
			fileType = "compiled.mach-o.executable";
			path = 05_functions;
			remoteRef = E142E4791E64290E00124568 /* PBXContainerItemProxy */;
			sourceTree = BUILT_PRODUCTS_DIR;
		};
		E142E4AC1E64308A00124568 /* 06_blocks */ = {
			isa = PBXReferenceProxy;
			fileType = "compiled.mach-o.executable";
			path = 06_blocks;
			remoteRef = E142E4AB1E64308A00124568 /* PBXContainerItemProxy */;
			sourceTree = BUILT_PRODUCTS_DIR;
		};
		E142E4C51E64348A00124568 /* 07_numbers */ = {
			isa = PBXReferenceProxy;
			fileType = "compiled.mach-o.executable";
			path = 07_numbers;
			remoteRef = E142E4C41E64348A00124568 /* PBXContainerItemProxy */;
			sourceTree = BUILT_PRODUCTS_DIR;
		};
		E142E4DE1E643D2E00124568 /* 08_pointers */ = {
			isa = PBXReferenceProxy;
			fileType = "compiled.mach-o.executable";
			path = 08_pointers;
			remoteRef = E142E4DD1E643D2E00124568 /* PBXContainerItemProxy */;
			sourceTree = BUILT_PRODUCTS_DIR;
		};
		E142E5101E64400B00124568 /* 09_structures */ = {
			isa = PBXReferenceProxy;
			fileType = "compiled.mach-o.executable";
			path = 09_structures;
			remoteRef = E142E50F1E64400B00124568 /* PBXContainerItemProxy */;
			sourceTree = BUILT_PRODUCTS_DIR;
		};
		E142E5291E644D0700124568 /* 10_error_handling */ = {
			isa = PBXReferenceProxy;
			fileType = "compiled.mach-o.executable";
			path = 10_error_handling;
			remoteRef = E142E5281E644D0700124568 /* PBXContainerItemProxy */;
			sourceTree = BUILT_PRODUCTS_DIR;
		};
/* End PBXReferenceProxy section */

/* Begin PBXSourcesBuildPhase section */
		E142E3DA1E64126900124568 /* Sources */ = {
			isa = PBXSourcesBuildPhase;
			buildActionMask = 2147483647;
			files = (
				E142E3F01E64187D00124568 /* main.m in Sources */,
			);
			runOnlyForDeploymentPostprocessing = 0;
		};
		E142E3F11E6418C900124568 /* Sources */ = {
			isa = PBXSourcesBuildPhase;
			buildActionMask = 2147483647;
			files = (
			);
			runOnlyForDeploymentPostprocessing = 0;
		};
/* End PBXSourcesBuildPhase section */

/* Begin PBXTargetDependency section */
		E142E3FD1E6419DF00124568 /* PBXTargetDependency */ = {
			isa = PBXTargetDependency;
			target = E142E3F41E6418C900124568 /* 01_program_structure */;
			targetProxy = E142E3FC1E6419DF00124568 /* PBXContainerItemProxy */;
		};
/* End PBXTargetDependency section */

/* Begin XCBuildConfiguration section */
		E142E3E31E64126900124568 /* Debug */ = {
			isa = XCBuildConfiguration;
			buildSettings = {
				ALWAYS_SEARCH_USER_PATHS = NO;
				CLANG_ANALYZER_NONNULL = YES;
				CLANG_CXX_LANGUAGE_STANDARD = "gnu++0x";
				CLANG_CXX_LIBRARY = "libc++";
				CLANG_ENABLE_MODULES = YES;
				CLANG_ENABLE_OBJC_ARC = YES;
				CLANG_WARN_BOOL_CONVERSION = YES;
				CLANG_WARN_CONSTANT_CONVERSION = YES;
				CLANG_WARN_DIRECT_OBJC_ISA_USAGE = YES_ERROR;
				CLANG_WARN_DOCUMENTATION_COMMENTS = YES;
				CLANG_WARN_EMPTY_BODY = YES;
				CLANG_WARN_ENUM_CONVERSION = YES;
				CLANG_WARN_INFINITE_RECURSION = YES;
				CLANG_WARN_INT_CONVERSION = YES;
				CLANG_WARN_OBJC_ROOT_CLASS = YES_ERROR;
				CLANG_WARN_SUSPICIOUS_MOVE = YES;
				CLANG_WARN_UNREACHABLE_CODE = YES;
				CLANG_WARN__DUPLICATE_METHOD_MATCH = YES;
				CODE_SIGN_IDENTITY = "-";
				COPY_PHASE_STRIP = NO;
				DEBUG_INFORMATION_FORMAT = dwarf;
				ENABLE_STRICT_OBJC_MSGSEND = YES;
				ENABLE_TESTABILITY = YES;
				GCC_C_LANGUAGE_STANDARD = gnu99;
				GCC_DYNAMIC_NO_PIC = NO;
				GCC_NO_COMMON_BLOCKS = YES;
				GCC_OPTIMIZATION_LEVEL = 0;
				GCC_PREPROCESSOR_DEFINITIONS = (
					"DEBUG=1",
					"$(inherited)",
				);
				GCC_WARN_64_TO_32_BIT_CONVERSION = YES;
				GCC_WARN_ABOUT_RETURN_TYPE = YES_ERROR;
				GCC_WARN_UNDECLARED_SELECTOR = YES;
				GCC_WARN_UNINITIALIZED_AUTOS = YES_AGGRESSIVE;
				GCC_WARN_UNUSED_FUNCTION = YES;
				GCC_WARN_UNUSED_VARIABLE = YES;
				MACOSX_DEPLOYMENT_TARGET = 10.12;
				MTL_ENABLE_DEBUG_INFO = YES;
				ONLY_ACTIVE_ARCH = YES;
				SDKROOT = macosx;
			};
			name = Debug;
		};
		E142E3E41E64126900124568 /* Release */ = {
			isa = XCBuildConfiguration;
			buildSettings = {
				ALWAYS_SEARCH_USER_PATHS = NO;
				CLANG_ANALYZER_NONNULL = YES;
				CLANG_CXX_LANGUAGE_STANDARD = "gnu++0x";
				CLANG_CXX_LIBRARY = "libc++";
				CLANG_ENABLE_MODULES = YES;
				CLANG_ENABLE_OBJC_ARC = YES;
				CLANG_WARN_BOOL_CONVERSION = YES;
				CLANG_WARN_CONSTANT_CONVERSION = YES;
				CLANG_WARN_DIRECT_OBJC_ISA_USAGE = YES_ERROR;
				CLANG_WARN_DOCUMENTATION_COMMENTS = YES;
				CLANG_WARN_EMPTY_BODY = YES;
				CLANG_WARN_ENUM_CONVERSION = YES;
				CLANG_WARN_INFINITE_RECURSION = YES;
				CLANG_WARN_INT_CONVERSION = YES;
				CLANG_WARN_OBJC_ROOT_CLASS = YES_ERROR;
				CLANG_WARN_SUSPICIOUS_MOVE = YES;
				CLANG_WARN_UNREACHABLE_CODE = YES;
				CLANG_WARN__DUPLICATE_METHOD_MATCH = YES;
				CODE_SIGN_IDENTITY = "-";
				COPY_PHASE_STRIP = NO;
				DEBUG_INFORMATION_FORMAT = "dwarf-with-dsym";
				ENABLE_NS_ASSERTIONS = NO;
				ENABLE_STRICT_OBJC_MSGSEND = YES;
				GCC_C_LANGUAGE_STANDARD = gnu99;
				GCC_NO_COMMON_BLOCKS = YES;
				GCC_WARN_64_TO_32_BIT_CONVERSION = YES;
				GCC_WARN_ABOUT_RETURN_TYPE = YES_ERROR;
				GCC_WARN_UNDECLARED_SELECTOR = YES;
				GCC_WARN_UNINITIALIZED_AUTOS = YES_AGGRESSIVE;
				GCC_WARN_UNUSED_FUNCTION = YES;
				GCC_WARN_UNUSED_VARIABLE = YES;
				MACOSX_DEPLOYMENT_TARGET = 10.12;
				MTL_ENABLE_DEBUG_INFO = NO;
				SDKROOT = macosx;
			};
			name = Release;
		};
		E142E3E61E64126900124568 /* Debug */ = {
			isa = XCBuildConfiguration;
			buildSettings = {
				DEVELOPMENT_TEAM = MKUZVWUR88;
				PRODUCT_NAME = "$(TARGET_NAME)";
			};
			name = Debug;
		};
		E142E3E71E64126900124568 /* Release */ = {
			isa = XCBuildConfiguration;
			buildSettings = {
				DEVELOPMENT_TEAM = MKUZVWUR88;
				PRODUCT_NAME = "$(TARGET_NAME)";
			};
			name = Release;
		};
		E142E3FA1E6418C900124568 /* Debug */ = {
			isa = XCBuildConfiguration;
			buildSettings = {
				DEVELOPMENT_TEAM = MKUZVWUR88;
				PRODUCT_NAME = "$(TARGET_NAME)";
			};
			name = Debug;
		};
		E142E3FB1E6418C900124568 /* Release */ = {
			isa = XCBuildConfiguration;
			buildSettings = {
				DEVELOPMENT_TEAM = MKUZVWUR88;
				PRODUCT_NAME = "$(TARGET_NAME)";
			};
			name = Release;
		};
/* End XCBuildConfiguration section */

/* Begin XCConfigurationList section */
		E142E3D91E64126900124568 /* Build configuration list for PBXProject "objective-c-training" */ = {
			isa = XCConfigurationList;
			buildConfigurations = (
				E142E3E31E64126900124568 /* Debug */,
				E142E3E41E64126900124568 /* Release */,
			);
			defaultConfigurationIsVisible = 0;
			defaultConfigurationName = Release;
		};
		E142E3E51E64126900124568 /* Build configuration list for PBXNativeTarget "objective-c-training" */ = {
			isa = XCConfigurationList;
			buildConfigurations = (
				E142E3E61E64126900124568 /* Debug */,
				E142E3E71E64126900124568 /* Release */,
			);
			defaultConfigurationIsVisible = 0;
			defaultConfigurationName = Release;
		};
		E142E3F91E6418C900124568 /* Build configuration list for PBXNativeTarget "01_program_structure" */ = {
			isa = XCConfigurationList;
			buildConfigurations = (
				E142E3FA1E6418C900124568 /* Debug */,
				E142E3FB1E6418C900124568 /* Release */,
			);
			defaultConfigurationIsVisible = 0;
		};
/* End XCConfigurationList section */
	};
	rootObject = E142E3D61E64126900124568 /* Project object */;
}
